
Microsoft Visual Studio Solution File, Format Version 12.00
# Visual Studio 15
Project("{FAE04EC0-301F-11D3-BF4B-00C04F79EFBC}") = "TargetGame", "TargetGame.csproj", "{79F680C6-8E40-CE61-6E33-A7DF4D6956FE}"
EndProject
Project("{FAE04EC0-301F-11D3-BF4B-00C04F79EFBC}") = "TargetGame.Plugins", "TargetGame.Plugins.csproj", "{5C6E165B-0B33-3308-2239-5BF0CBEA325B}"
EndProject
Project("{FAE04EC0-301F-11D3-BF4B-00C04F79EFBC}") = "TargetGame.Editor", "TargetGame.Editor.csproj", "{3279B64E-87CE-E3C0-B4F4-19BB9C7FE051}"
EndProject
Global
	GlobalSection(SolutionConfigurationPlatforms) = preSolution
		Debug|Any CPU = Debug|Any CPU
		Release|Any CPU = Release|Any CPU
	EndGlobalSection
	GlobalSection(ProjectConfigurationPlatforms) = postSolution
		{79F680C6-8E40-CE61-6E33-A7DF4D6956FE}.Debug|Any CPU.ActiveCfg = Debug|Any CPU
		{79F680C6-8E40-CE61-6E33-A7DF4D6956FE}.Debug|Any CPU.Build.0 = Debug|Any CPU
		{79F680C6-8E40-CE61-6E33-A7DF4D6956FE}.Release|Any CPU.ActiveCfg = Release|Any CPU
		{79F680C6-8E40-CE61-6E33-A7DF4D6956FE}.Release|Any CPU.Build.0 = Release|Any CPU
		{5C6E165B-0B33-3308-2239-5BF0CBEA325B}.Debug|Any CPU.ActiveCfg = Debug|Any CPU
		{5C6E165B-0B33-3308-2239-5BF0CBEA325B}.Debug|Any CPU.Build.0 = Debug|Any CPU
		{5C6E165B-0B33-3308-2239-5BF0CBEA325B}.Release|Any CPU.ActiveCfg = Release|Any CPU
		{5C6E165B-0B33-3308-2239-5BF0CBEA325B}.Release|Any CPU.Build.0 = Release|Any CPU
		{3279B64E-87CE-E3C0-B4F4-19BB9C7FE051}.Debug|Any CPU.ActiveCfg = Debug|Any CPU
		{3279B64E-87CE-E3C0-B4F4-19BB9C7FE051}.Debug|Any CPU.Build.0 = Debug|Any CPU
		{3279B64E-87CE-E3C0-B4F4-19BB9C7FE051}.Release|Any CPU.ActiveCfg = Release|Any CPU
		{3279B64E-87CE-E3C0-B4F4-19BB9C7FE051}.Release|Any CPU.Build.0 = Release|Any CPU
	EndGlobalSection
	GlobalSection(SolutionProperties) = preSolution
		HideSolutionNode = FALSE
	EndGlobalSection
EndGlobal
